
Microsoft Visual Studio Solution File, Format Version 12.00
# Visual Studio Version 17
VisualStudioVersion = 17.5.33414.496
MinimumVisualStudioVersion = 10.0.40219.1
Project("{FAE04EC0-301F-11D3-BF4B-00C04F79EFBC}") = "ConsoleApp_Noite", "ConsoleApp_Noite\ConsoleApp_Noite.csproj", "{2276C071-ACFA-4259-8A62-AF741C06080C}"
EndProject
Global
	GlobalSection(SolutionConfigurationPlatforms) = preSolution
		Debug|Any CPU = Debug|Any CPU
		Release|Any CPU = Release|Any CPU
	EndGlobalSection
	GlobalSection(ProjectConfigurationPlatforms) = postSolution
		{2276C071-ACFA-4259-8A62-AF741C06080C}.Debug|Any CPU.ActiveCfg = Debug|Any CPU
		{2276C071-ACFA-4259-8A62-AF741C06080C}.Debug|Any CPU.Build.0 = Debug|Any CPU
		{2276C071-ACFA-4259-8A62-AF741C06080C}.Release|Any CPU.ActiveCfg = Release|Any CPU
		{2276C071-ACFA-4259-8A62-AF741C06080C}.Release|Any CPU.Build.0 = Release|Any CPU
	EndGlobalSection
	GlobalSection(SolutionProperties) = preSolution
		HideSolutionNode = FALSE
	EndGlobalSection
	GlobalSection(ExtensibilityGlobals) = postSolution
		SolutionGuid = {7CD9A783-0685-4416-9EF9-880921E679A2}
	EndGlobalSection
EndGlobal
